{
  "projects": [
    {
      "projectId": "ohDidvG9XsCeFumugENU3J",
      "version": "6.35.0",
      "dependencies": {},
      "lang": "ts",
      "fileLocks": [
        {
          "assetId": "ohDidvG9XsCeFumugENU3J",
          "type": "projectCss",
          "checksum": "c33cca495b4f537180cbc434c3f872b9"
        },
        {
          "assetId": "ohDidvG9XsCeFumugENU3J",
          "checksum": "be3f0aaba617feb7e002ecfd303a0f73",
          "type": "globalContexts"
        },
        {
          "assetId": "ohDidvG9XsCeFumugENU3J",
          "checksum": "fb807fe3705f30ea295ebfad5287dd4b",
          "type": "projectModule"
        },
        {
          "assetId": "ohDidvG9XsCeFumugENU3J",
          "checksum": "89d9d71e8cbe5cd52b12e923833f83f8",
          "type": "styleTokensProvider"
        }
      ],
      "codegenVersion": "0.0.2"
    },
    {
      "projectId": "fAFWWEgeBrsii99MoRQ4aq",
      "version": "latest",
      "dependencies": {
        "ohDidvG9XsCeFumugENU3J": "6.35.0"
      },
      "lang": "ts",
      "fileLocks": [
        {
          "assetId": "fAFWWEgeBrsii99MoRQ4aq",
          "type": "projectCss",
          "checksum": "a52c265e0bbfb0740ef0edd9f72e51cd"
        },
        {
          "assetId": "fAFWWEgeBrsii99MoRQ4aq",
          "checksum": "423bee2417744283d6195a167d7f524b",
          "type": "globalContexts"
        },
        {
          "assetId": "fAFWWEgeBrsii99MoRQ4aq",
          "checksum": "6e653b552e6312b6478602f57adb1383",
          "type": "projectModule"
        },
        {
          "assetId": "fAFWWEgeBrsii99MoRQ4aq",
          "checksum": "e73d5bf9707031a1573a63b8572c2998",
          "type": "styleTokensProvider"
        },
        {
          "type": "renderModule",
          "assetId": "qHtcGiMc-dAA",
          "checksum": "672b1683f673ac90024ba2cc97e4b9db"
        },
        {
          "type": "cssRules",
          "assetId": "qHtcGiMc-dAA",
          "checksum": "672b1683f673ac90024ba2cc97e4b9db"
        },
        {
          "type": "renderModule",
          "assetId": "AHyXHfhQvsc6",
          "checksum": "ff2ceaaa0d12e485eeff71fda1445ac0"
        },
        {
          "type": "cssRules",
          "assetId": "AHyXHfhQvsc6",
          "checksum": "ff2ceaaa0d12e485eeff71fda1445ac0"
        },
        {
          "type": "renderModule",
          "assetId": "8JoNmatxUxWl",
          "checksum": "d94b9d7843dce381000c88c9b91096dc"
        },
        {
          "type": "cssRules",
          "assetId": "8JoNmatxUxWl",
          "checksum": "d94b9d7843dce381000c88c9b91096dc"
        },
        {
          "type": "renderModule",
          "assetId": "m5237LbZhyZj",
          "checksum": "1cb79726628eb47311481cc742acf49b"
        },
        {
          "type": "cssRules",
          "assetId": "m5237LbZhyZj",
          "checksum": "1cb79726628eb47311481cc742acf49b"
        },
        {
          "type": "renderModule",
          "assetId": "al83P5YQsOOt",
          "checksum": "e6fc1127c30db345f7949c31445ac058"
        },
        {
          "type": "cssRules",
          "assetId": "al83P5YQsOOt",
          "checksum": "e6fc1127c30db345f7949c31445ac058"
        },
        {
          "type": "renderModule",
          "assetId": "oK5v5DcHLeI7",
          "checksum": "f576b14338d9f615cacec0e9b08a8aab"
        },
        {
          "type": "cssRules",
          "assetId": "oK5v5DcHLeI7",
          "checksum": "f576b14338d9f615cacec0e9b08a8aab"
        },
        {
          "type": "renderModule",
          "assetId": "nWaZAIGqlHsd",
          "checksum": "b906c95bb55f2f1d5df2f6ac4f2320b6"
        },
        {
          "type": "cssRules",
          "assetId": "nWaZAIGqlHsd",
          "checksum": "b906c95bb55f2f1d5df2f6ac4f2320b6"
        },
        {
          "type": "renderModule",
          "assetId": "FUm-pqag2mul",
          "checksum": "86e88b6affbc32f7e972ff7b289c5558"
        },
        {
          "type": "cssRules",
          "assetId": "FUm-pqag2mul",
          "checksum": "86e88b6affbc32f7e972ff7b289c5558"
        },
        {
          "type": "renderModule",
          "assetId": "0n6oOOS7mF4o",
          "checksum": "32e3763ce32a336e6bd13e9ce68d7641"
        },
        {
          "type": "cssRules",
          "assetId": "0n6oOOS7mF4o",
          "checksum": "32e3763ce32a336e6bd13e9ce68d7641"
        },
        {
          "type": "renderModule",
          "assetId": "z0ZBHSxTx0TI",
          "checksum": "4f9fce571bec1762c03b2d57145ab924"
        },
        {
          "type": "cssRules",
          "assetId": "z0ZBHSxTx0TI",
          "checksum": "4f9fce571bec1762c03b2d57145ab924"
        },
        {
          "type": "renderModule",
          "assetId": "Ajv1koIgxbwm",
          "checksum": "1d7094bffb2d54706c1e47933b5a1df1"
        },
        {
          "type": "cssRules",
          "assetId": "Ajv1koIgxbwm",
          "checksum": "1d7094bffb2d54706c1e47933b5a1df1"
        },
        {
          "type": "renderModule",
          "assetId": "GYdl3-6hUXN5",
          "checksum": "22b331eaf44e13e65041f85a3e02ef7b"
        },
        {
          "type": "cssRules",
          "assetId": "GYdl3-6hUXN5",
          "checksum": "22b331eaf44e13e65041f85a3e02ef7b"
        },
        {
          "type": "renderModule",
          "assetId": "PlqyHfDe7FeG",
          "checksum": "f89e7acb4079930de32d87fbe1d8c673"
        },
        {
          "type": "cssRules",
          "assetId": "PlqyHfDe7FeG",
          "checksum": "f89e7acb4079930de32d87fbe1d8c673"
        },
        {
          "type": "renderModule",
          "assetId": "Cl6q1xE03q3c",
          "checksum": "be5879a8f763fb5dd9e73b2092eb8ce2"
        },
        {
          "type": "cssRules",
          "assetId": "Cl6q1xE03q3c",
          "checksum": "be5879a8f763fb5dd9e73b2092eb8ce2"
        },
        {
          "type": "renderModule",
          "assetId": "TJjibuLAZQpj",
          "checksum": "0b5cb5a4f8a2d434b2c0c115e00bd08b"
        },
        {
          "type": "cssRules",
          "assetId": "TJjibuLAZQpj",
          "checksum": "0b5cb5a4f8a2d434b2c0c115e00bd08b"
        },
        {
          "type": "renderModule",
          "assetId": "UMphF14G05yO",
          "checksum": "3622e25ba06c9a39c9df2bf9091065cc"
        },
        {
          "type": "cssRules",
          "assetId": "UMphF14G05yO",
          "checksum": "3622e25ba06c9a39c9df2bf9091065cc"
        },
        {
          "type": "renderModule",
          "assetId": "Pa0kT4FOLVw8",
          "checksum": "7dc8e781a303808cb3aa4c2a211d5511"
        },
        {
          "type": "cssRules",
          "assetId": "Pa0kT4FOLVw8",
          "checksum": "7dc8e781a303808cb3aa4c2a211d5511"
        },
        {
          "type": "renderModule",
          "assetId": "vTgxFpTSqx3P",
          "checksum": "44992ecd95ef54c4435a164ee1a61e3e"
        },
        {
          "type": "cssRules",
          "assetId": "vTgxFpTSqx3P",
          "checksum": "44992ecd95ef54c4435a164ee1a61e3e"
        },
        {
          "type": "renderModule",
          "assetId": "ftf7CVAXr1bo",
          "checksum": "2097607f4ee9e4752a83d34c621b2965"
        },
        {
          "type": "cssRules",
          "assetId": "ftf7CVAXr1bo",
          "checksum": "2097607f4ee9e4752a83d34c621b2965"
        },
        {
          "type": "renderModule",
          "assetId": "hK21B-EtNCU4",
          "checksum": "0f006c0ca791e3779707aaa5a774d667"
        },
        {
          "type": "cssRules",
          "assetId": "hK21B-EtNCU4",
          "checksum": "0f006c0ca791e3779707aaa5a774d667"
        },
        {
          "type": "renderModule",
          "assetId": "FdlGz4ZAKsyQ",
          "checksum": "431fcb3a7af22b7bc0012217fd1ea315"
        },
        {
          "type": "cssRules",
          "assetId": "FdlGz4ZAKsyQ",
          "checksum": "431fcb3a7af22b7bc0012217fd1ea315"
        },
        {
          "type": "renderModule",
          "assetId": "Ip_eljkRYkPx",
          "checksum": "78459fd20e6db7fc6edd36d948a43b2a"
        },
        {
          "type": "cssRules",
          "assetId": "Ip_eljkRYkPx",
          "checksum": "78459fd20e6db7fc6edd36d948a43b2a"
        },
        {
          "type": "renderModule",
          "assetId": "kniRQDuSjOpF",
          "checksum": "f94a4488280ab82423f03e8258f2c3e2"
        },
        {
          "type": "cssRules",
          "assetId": "kniRQDuSjOpF",
          "checksum": "f94a4488280ab82423f03e8258f2c3e2"
        },
        {
          "type": "renderModule",
          "assetId": "0hPOpc0vKcUE",
          "checksum": "10cb1d772f74014efd836e5e1a48ec0f"
        },
        {
          "type": "cssRules",
          "assetId": "0hPOpc0vKcUE",
          "checksum": "10cb1d772f74014efd836e5e1a48ec0f"
        },
        {
          "type": "renderModule",
          "assetId": "L_pV-4cTq-KW",
          "checksum": "2757ad7353de05b30a7968aa1c15734d"
        },
        {
          "type": "cssRules",
          "assetId": "L_pV-4cTq-KW",
          "checksum": "2757ad7353de05b30a7968aa1c15734d"
        },
        {
          "type": "renderModule",
          "assetId": "NAyey8yG1HPj",
          "checksum": "d8eb5b3e206c000aa53a9de1a70865b6"
        },
        {
          "type": "cssRules",
          "assetId": "NAyey8yG1HPj",
          "checksum": "d8eb5b3e206c000aa53a9de1a70865b6"
        },
        {
          "type": "renderModule",
          "assetId": "yifqr28lPCx-",
          "checksum": "1bc79f52ee9bcc4ea1f488c7bfa980f8"
        },
        {
          "type": "cssRules",
          "assetId": "yifqr28lPCx-",
          "checksum": "1bc79f52ee9bcc4ea1f488c7bfa980f8"
        },
        {
          "type": "renderModule",
          "assetId": "g4h5919t8tep",
          "checksum": "322e2c41ff4ad9dfa1018cc6830d1f72"
        },
        {
          "type": "cssRules",
          "assetId": "g4h5919t8tep",
          "checksum": "322e2c41ff4ad9dfa1018cc6830d1f72"
        },
        {
          "type": "icon",
          "assetId": "z8k2lIno0OvB",
          "checksum": "eb2686c3df1651d484b7cb25064939fc"
        },
        {
          "type": "icon",
          "assetId": "aiJ_ISlKTfEF",
          "checksum": "a33f1cc32964bbebf20b0c97392ea28d"
        }
      ],
      "codegenVersion": "0.0.2"
    }
  ],
  "cliVersion": "0.1.349"
}
